PODS:
  - Flutter (1.0.0)
  - rotation_flutter (0.0.1):
    - Flutter

DEPENDENCIES:
  - Flutter (from `.symlinks/flutter/ios`)
  - rotation_flutter (from `.symlinks/plugins/rotation_flutter/ios`)

EXTERNAL SOURCES:
  Flutter:
    :path: ".symlinks/flutter/ios"
  rotation_flutter:
    :path: ".symlinks/plugins/rotation_flutter/ios"

SPEC CHECKSUMS:
  Flutter: 9d0fac939486c9aba2809b7982dfdbb47a7b0296
  rotation_flutter: 4098d33ea4281fceda40fca78410a8367194f087

PODFILE CHECKSUM: aff02bfeed411c636180d6812254b2daeea14d09

COCOAPODS: 1.5.3
